
Microsoft Visual Studio Solution File, Format Version 12.00
# Visual Studio Version 17
VisualStudioVersion = 17.5.33530.505
MinimumVisualStudioVersion = 10.0.40219.1
Project("{9A19103F-16F7-4668-BE54-9A1E7A4F7556}") = "Basic C# 2.0", "Basic C# 2.0\Basic C# 2.0.csproj", "{41DDD509-1FF8-4032-AB82-9F6641189545}"
EndProject
Project("{9A19103F-16F7-4668-BE54-9A1E7A4F7556}") = "Task5.SubTask6", "5.6Project\Task5.SubTask6.csproj", "{AD8D7E95-BBC4-4D13-B04B-7306648BE147}"
EndProject
Project("{9A19103F-16F7-4668-BE54-9A1E7A4F7556}") = "OOP", "OOP\OOP.csproj", "{99D7BB17-ACA6-4136-83B4-87301E682CD9}"
EndProject
Project("{9A19103F-16F7-4668-BE54-9A1E7A4F7556}") = "HW-3", "HW-3\HW-3.csproj", "{9D42A69C-D93F-4737-88B6-B68B871894ED}"
EndProject
Project("{9A19103F-16F7-4668-BE54-9A1E7A4F7556}") = "Module_8_working_with_files", "Module_8_working_with_files\Module_8_working_with_files.csproj", "{B5463185-6A1C-42C9-A5E1-30D6A924FDBD}"
EndProject
Project("{9A19103F-16F7-4668-BE54-9A1E7A4F7556}") = "Exception", "Exception\Exception.csproj", "{1E90A990-95CF-4C38-B84D-3E3676E363C9}"
EndProject
Project("{9A19103F-16F7-4668-BE54-9A1E7A4F7556}") = "Interface", "Interface\Interface.csproj", "{085BE182-871A-44EB-B88E-20CF6E53AEC0}"
EndProject
Project("{9A19103F-16F7-4668-BE54-9A1E7A4F7556}") = "TelegramBot", "TelegramBot\TelegramBot.csproj", "{532377E2-1DDB-47B6-85DA-4A7978FB2F55}"
EndProject
Project("{FAE04EC0-301F-11D3-BF4B-00C04F79EFBC}") = "MyUtilityBot", "MyUtilityBot\MyUtilityBot.csproj", "{5D796E41-F5F0-4053-827B-6FD24CFDAB92}"
EndProject
Global
	GlobalSection(SolutionConfigurationPlatforms) = preSolution
		Debug|Any CPU = Debug|Any CPU
		Release|Any CPU = Release|Any CPU
	EndGlobalSection
	GlobalSection(ProjectConfigurationPlatforms) = postSolution
		{41DDD509-1FF8-4032-AB82-9F6641189545}.Debug|Any CPU.ActiveCfg = Debug|Any CPU
		{41DDD509-1FF8-4032-AB82-9F6641189545}.Debug|Any CPU.Build.0 = Debug|Any CPU
		{41DDD509-1FF8-4032-AB82-9F6641189545}.Release|Any CPU.ActiveCfg = Release|Any CPU
		{41DDD509-1FF8-4032-AB82-9F6641189545}.Release|Any CPU.Build.0 = Release|Any CPU
		{AD8D7E95-BBC4-4D13-B04B-7306648BE147}.Debug|Any CPU.ActiveCfg = Debug|Any CPU
		{AD8D7E95-BBC4-4D13-B04B-7306648BE147}.Debug|Any CPU.Build.0 = Debug|Any CPU
		{AD8D7E95-BBC4-4D13-B04B-7306648BE147}.Release|Any CPU.ActiveCfg = Release|Any CPU
		{AD8D7E95-BBC4-4D13-B04B-7306648BE147}.Release|Any CPU.Build.0 = Release|Any CPU
		{99D7BB17-ACA6-4136-83B4-87301E682CD9}.Debug|Any CPU.ActiveCfg = Debug|Any CPU
		{99D7BB17-ACA6-4136-83B4-87301E682CD9}.Debug|Any CPU.Build.0 = Debug|Any CPU
		{99D7BB17-ACA6-4136-83B4-87301E682CD9}.Release|Any CPU.ActiveCfg = Release|Any CPU
		{99D7BB17-ACA6-4136-83B4-87301E682CD9}.Release|Any CPU.Build.0 = Release|Any CPU
		{9D42A69C-D93F-4737-88B6-B68B871894ED}.Debug|Any CPU.ActiveCfg = Debug|Any CPU
		{9D42A69C-D93F-4737-88B6-B68B871894ED}.Debug|Any CPU.Build.0 = Debug|Any CPU
		{9D42A69C-D93F-4737-88B6-B68B871894ED}.Release|Any CPU.ActiveCfg = Release|Any CPU
		{9D42A69C-D93F-4737-88B6-B68B871894ED}.Release|Any CPU.Build.0 = Release|Any CPU
		{B5463185-6A1C-42C9-A5E1-30D6A924FDBD}.Debug|Any CPU.ActiveCfg = Debug|Any CPU
		{B5463185-6A1C-42C9-A5E1-30D6A924FDBD}.Debug|Any CPU.Build.0 = Debug|Any CPU
		{B5463185-6A1C-42C9-A5E1-30D6A924FDBD}.Release|Any CPU.ActiveCfg = Release|Any CPU
		{B5463185-6A1C-42C9-A5E1-30D6A924FDBD}.Release|Any CPU.Build.0 = Release|Any CPU
		{1E90A990-95CF-4C38-B84D-3E3676E363C9}.Debug|Any CPU.ActiveCfg = Debug|Any CPU
		{1E90A990-95CF-4C38-B84D-3E3676E363C9}.Debug|Any CPU.Build.0 = Debug|Any CPU
		{1E90A990-95CF-4C38-B84D-3E3676E363C9}.Release|Any CPU.ActiveCfg = Release|Any CPU
		{1E90A990-95CF-4C38-B84D-3E3676E363C9}.Release|Any CPU.Build.0 = Release|Any CPU
		{085BE182-871A-44EB-B88E-20CF6E53AEC0}.Debug|Any CPU.ActiveCfg = Debug|Any CPU
		{085BE182-871A-44EB-B88E-20CF6E53AEC0}.Debug|Any CPU.Build.0 = Debug|Any CPU
		{085BE182-871A-44EB-B88E-20CF6E53AEC0}.Release|Any CPU.ActiveCfg = Release|Any CPU
		{085BE182-871A-44EB-B88E-20CF6E53AEC0}.Release|Any CPU.Build.0 = Release|Any CPU
		{532377E2-1DDB-47B6-85DA-4A7978FB2F55}.Debug|Any CPU.ActiveCfg = Debug|Any CPU
		{532377E2-1DDB-47B6-85DA-4A7978FB2F55}.Debug|Any CPU.Build.0 = Debug|Any CPU
		{532377E2-1DDB-47B6-85DA-4A7978FB2F55}.Release|Any CPU.ActiveCfg = Release|Any CPU
		{532377E2-1DDB-47B6-85DA-4A7978FB2F55}.Release|Any CPU.Build.0 = Release|Any CPU
		{5D796E41-F5F0-4053-827B-6FD24CFDAB92}.Debug|Any CPU.ActiveCfg = Debug|Any CPU
		{5D796E41-F5F0-4053-827B-6FD24CFDAB92}.Debug|Any CPU.Build.0 = Debug|Any CPU
		{5D796E41-F5F0-4053-827B-6FD24CFDAB92}.Release|Any CPU.ActiveCfg = Release|Any CPU
		{5D796E41-F5F0-4053-827B-6FD24CFDAB92}.Release|Any CPU.Build.0 = Release|Any CPU
	EndGlobalSection
	GlobalSection(SolutionProperties) = preSolution
		HideSolutionNode = FALSE
	EndGlobalSection
	GlobalSection(ExtensibilityGlobals) = postSolution
		SolutionGuid = {126C0EFC-7475-41C7-966D-47DD5178A44E}
	EndGlobalSection
EndGlobal
